
Microsoft Visual Studio Solution File, Format Version 12.00
# Visual Studio Version 17
VisualStudioVersion = 17.2.32616.157
MinimumVisualStudioVersion = 10.0.40219.1
Project("{9A19103F-16F7-4668-BE54-9A1E7A4F7556}") = "BaseballCalculator.UnitTests", "BaseballCalculator.UnitTests\BaseballCalculator.UnitTests.csproj", "{427E6A82-DC4B-4C0C-B932-815D82E218FE}"
EndProject
Project("{9A19103F-16F7-4668-BE54-9A1E7A4F7556}") = "BaseballCalculator.Library", "BaseballCalculator.Library\BaseballCalculator.Library.csproj", "{F451234C-A7FF-4FAE-9C50-DE9B79864697}"
EndProject
Project("{2150E333-8FDC-42A3-9474-1A3956D46DE8}") = "SolutionItems", "SolutionItems", "{2D6AE69D-EAA3-4D96-BB10-D1F29BCB8979}"
	ProjectSection(SolutionItems) = preProject
		.editorconfig = .editorconfig
		Directory.Build.props = Directory.Build.props
		server.ruleset = server.ruleset
	EndProjectSection
EndProject
Global
	GlobalSection(SolutionConfigurationPlatforms) = preSolution
		Debug|Any CPU = Debug|Any CPU
		Release|Any CPU = Release|Any CPU
	EndGlobalSection
	GlobalSection(ProjectConfigurationPlatforms) = postSolution
		{427E6A82-DC4B-4C0C-B932-815D82E218FE}.Debug|Any CPU.ActiveCfg = Debug|Any CPU
		{427E6A82-DC4B-4C0C-B932-815D82E218FE}.Debug|Any CPU.Build.0 = Debug|Any CPU
		{427E6A82-DC4B-4C0C-B932-815D82E218FE}.Release|Any CPU.ActiveCfg = Release|Any CPU
		{427E6A82-DC4B-4C0C-B932-815D82E218FE}.Release|Any CPU.Build.0 = Release|Any CPU
		{F451234C-A7FF-4FAE-9C50-DE9B79864697}.Debug|Any CPU.ActiveCfg = Debug|Any CPU
		{F451234C-A7FF-4FAE-9C50-DE9B79864697}.Debug|Any CPU.Build.0 = Debug|Any CPU
		{F451234C-A7FF-4FAE-9C50-DE9B79864697}.Release|Any CPU.ActiveCfg = Release|Any CPU
		{F451234C-A7FF-4FAE-9C50-DE9B79864697}.Release|Any CPU.Build.0 = Release|Any CPU
	EndGlobalSection
	GlobalSection(SolutionProperties) = preSolution
		HideSolutionNode = FALSE
	EndGlobalSection
	GlobalSection(ExtensibilityGlobals) = postSolution
		SolutionGuid = {F0E46FC2-02FC-41DC-B73D-B630EC937D78}
	EndGlobalSection
EndGlobal
