
Microsoft Visual Studio Solution File, Format Version 12.00
# Visual Studio Version 17
VisualStudioVersion = 17.2.32616.157
MinimumVisualStudioVersion = 10.0.40219.1
Project("{FAE04EC0-301F-11D3-BF4B-00C04F79EFBC}") = "BaseballCalculator.UnitTests", "BaseballCalculator.UnitTests\BaseballCalculator.UnitTests.csproj", "{427E6A82-DC4B-4C0C-B932-815D82E218FE}"
EndProject
Project("{FAE04EC0-301F-11D3-BF4B-00C04F79EFBC}") = "BaseballCalculator.Library", "BaseballCalculator.Library\BaseballCalculator.Library.csproj", "{F451234C-A7FF-4FAE-9C50-DE9B79864697}"
EndProject
Global
	GlobalSection(SolutionConfigurationPlatforms) = preSolution
		Debug|Any CPU = Debug|Any CPU
		Release|Any CPU = Release|Any CPU
	EndGlobalSection
	GlobalSection(ProjectConfigurationPlatforms) = postSolution
		{427E6A82-DC4B-4C0C-B932-815D82E218FE}.Debug|Any CPU.ActiveCfg = Debug|Any CPU
		{427E6A82-DC4B-4C0C-B932-815D82E218FE}.Debug|Any CPU.Build.0 = Debug|Any CPU
		{427E6A82-DC4B-4C0C-B932-815D82E218FE}.Release|Any CPU.ActiveCfg = Release|Any CPU
		{427E6A82-DC4B-4C0C-B932-815D82E218FE}.Release|Any CPU.Build.0 = Release|Any CPU
		{F451234C-A7FF-4FAE-9C50-DE9B79864697}.Debug|Any CPU.ActiveCfg = Debug|Any CPU
		{F451234C-A7FF-4FAE-9C50-DE9B79864697}.Debug|Any CPU.Build.0 = Debug|Any CPU
		{F451234C-A7FF-4FAE-9C50-DE9B79864697}.Release|Any CPU.ActiveCfg = Release|Any CPU
		{F451234C-A7FF-4FAE-9C50-DE9B79864697}.Release|Any CPU.Build.0 = Release|Any CPU
	EndGlobalSection
	GlobalSection(SolutionProperties) = preSolution
		HideSolutionNode = FALSE
	EndGlobalSection
	GlobalSection(ExtensibilityGlobals) = postSolution
		SolutionGuid = {F0E46FC2-02FC-41DC-B73D-B630EC937D78}
	EndGlobalSection
EndGlobal
